
Microsoft Visual Studio Solution File, Format Version 12.00
Project("{FAE04EC0-301F-11D3-BF4B-00C04F79EFBC}") = "SemanticSearch.AppHost", "src\SemanticSearch.AppHost\SemanticSearch.AppHost.csproj", "{824EC059-E847-4500-A2EE-2126CEB575D2}"
EndProject
Project("{FAE04EC0-301F-11D3-BF4B-00C04F79EFBC}") = "SemanticSearch.ServiceDefaults", "src\SemanticSearch.ServiceDefaults\SemanticSearch.ServiceDefaults.csproj", "{65D08FC5-C82F-4734-9419-B9CA00CC8EE5}"
EndProject
Project("{FAE04EC0-301F-11D3-BF4B-00C04F79EFBC}") = "SemanticSearch.ApiService", "src\SemanticSearch.ApiService\SemanticSearch.ApiService.csproj", "{D384E54F-D156-4CC9-A57E-FA9410ECFDBF}"
EndProject
Project("{FAE04EC0-301F-11D3-BF4B-00C04F79EFBC}") = "SemanticSearch.Web", "src\SemanticSearch.Web\SemanticSearch.Web.csproj", "{B55E0AD1-E988-48E7-80BE-4528C1240648}"
EndProject
Project("{2150E333-8FDC-42A3-9474-1A3956D46DE8}") = "Mneme", "Mneme", "{87D99827-D83D-4C4F-A4E8-31A15A5FE835}"
EndProject
Project("{FAE04EC0-301F-11D3-BF4B-00C04F79EFBC}") = "Mneme.Api", "src\Mneme\Mneme.Api\Mneme.Api.csproj", "{0DB048A5-6066-4D57-A0E0-A19B8F8E7A74}"
EndProject
Project("{2150E333-8FDC-42A3-9474-1A3956D46DE8}") = "Solution Items", "Solution Items", "{06AA99BB-991B-4AA2-9561-A3DB155A485C}"
	ProjectSection(SolutionItems) = preProject
		compose.yaml = compose.yaml
	EndProjectSection
EndProject
Project("{2150E333-8FDC-42A3-9474-1A3956D46DE8}") = "R&D", "R&D", "{E4797B4C-EE73-40E0-8A49-F49CE142ABDC}"
EndProject
Project("{FAE04EC0-301F-11D3-BF4B-00C04F79EFBC}") = "MnemeTester", "src\R&D\MnemeTester\MnemeTester.csproj", "{B9FF6F21-B038-4F41-A2C1-079494CBC9BC}"
EndProject
Project("{2150E333-8FDC-42A3-9474-1A3956D46DE8}") = "Glyph", "Glyph", "{B6DCC87E-AD47-4CB7-BBAE-E28103F22ECE}"
EndProject
Project("{FAE04EC0-301F-11D3-BF4B-00C04F79EFBC}") = "GlyphBackPressureTest", "src\R&D\GlyphBackPressureTest\GlyphBackPressureTest.csproj", "{2E3C9693-B4AD-4295-BA65-31FBAA0CE7E4}"
EndProject
Project("{2150E333-8FDC-42A3-9474-1A3956D46DE8}") = "src", "src", "{827E0CD3-B72D-47B6-A68D-7590B98EB39B}"
EndProject
Project("{2150E333-8FDC-42A3-9474-1A3956D46DE8}") = "GptApi", "GptApi", "{5428C9DC-2B51-4DEA-8ADE-3EDAC70FEAAF}"
EndProject
Project("{FAE04EC0-301F-11D3-BF4B-00C04F79EFBC}") = "GptApi", "GptApi\GptApi.csproj", "{E4F9A66C-D663-48AC-836D-E13AA38BD612}"
EndProject
Project("{2150E333-8FDC-42A3-9474-1A3956D46DE8}") = "PgApi", "PgApi", "{D5A14DED-97BE-4338-A25A-47A4CD0A9D02}"
EndProject
Project("{FAE04EC0-301F-11D3-BF4B-00C04F79EFBC}") = "PgApi", "PgApi\PgApi.csproj", "{8CFF2575-083B-4D18-94CE-6EA3EB040A19}"
EndProject
Project("{FAE04EC0-301F-11D3-BF4B-00C04F79EFBC}") = "DatabaseSeeder", "DatabaseSeeder\DatabaseSeeder.csproj", "{3513E353-5D92-4472-9204-53A063043E1D}"
EndProject
Project("{FAE04EC0-301F-11D3-BF4B-00C04F79EFBC}") = "HmDataIngest", "HmDataIngest\HmDataIngest.csproj", "{7CA49674-A545-48F5-84D5-74F3C7EE0B0D}"
EndProject
Project("{FAE04EC0-301F-11D3-BF4B-00C04F79EFBC}") = "SemanticSearch.BFF", "src\SemanticSearch.BFF\SemanticSearch.BFF.csproj", "{8E618689-2832-4C4E-B415-A816EE655785}"
EndProject
Project("{FAE04EC0-301F-11D3-BF4B-00C04F79EFBC}") = "SemanticSearch.Nexus", "src\SemanticSearch.Nexus\SemanticSearch.Nexus.csproj", "{61E7EE84-4489-4CB2-9205-52FB4A86A80A}"
EndProject
Global
	GlobalSection(SolutionConfigurationPlatforms) = preSolution
		Debug|Any CPU = Debug|Any CPU
		Debug|x64 = Debug|x64
		Debug|x86 = Debug|x86
		Release|Any CPU = Release|Any CPU
		Release|x64 = Release|x64
		Release|x86 = Release|x86
	EndGlobalSection
	GlobalSection(ProjectConfigurationPlatforms) = postSolution
		{824EC059-E847-4500-A2EE-2126CEB575D2}.Debug|Any CPU.ActiveCfg = Debug|Any CPU
		{824EC059-E847-4500-A2EE-2126CEB575D2}.Debug|Any CPU.Build.0 = Debug|Any CPU
		{824EC059-E847-4500-A2EE-2126CEB575D2}.Debug|x64.ActiveCfg = Debug|Any CPU
		{824EC059-E847-4500-A2EE-2126CEB575D2}.Debug|x64.Build.0 = Debug|Any CPU
		{824EC059-E847-4500-A2EE-2126CEB575D2}.Debug|x86.ActiveCfg = Debug|Any CPU
		{824EC059-E847-4500-A2EE-2126CEB575D2}.Debug|x86.Build.0 = Debug|Any CPU
		{824EC059-E847-4500-A2EE-2126CEB575D2}.Release|Any CPU.ActiveCfg = Release|Any CPU
		{824EC059-E847-4500-A2EE-2126CEB575D2}.Release|Any CPU.Build.0 = Release|Any CPU
		{824EC059-E847-4500-A2EE-2126CEB575D2}.Release|x64.ActiveCfg = Release|Any CPU
		{824EC059-E847-4500-A2EE-2126CEB575D2}.Release|x64.Build.0 = Release|Any CPU
		{824EC059-E847-4500-A2EE-2126CEB575D2}.Release|x86.ActiveCfg = Release|Any CPU
		{824EC059-E847-4500-A2EE-2126CEB575D2}.Release|x86.Build.0 = Release|Any CPU
		{65D08FC5-C82F-4734-9419-B9CA00CC8EE5}.Debug|Any CPU.ActiveCfg = Debug|Any CPU
		{65D08FC5-C82F-4734-9419-B9CA00CC8EE5}.Debug|Any CPU.Build.0 = Debug|Any CPU
		{65D08FC5-C82F-4734-9419-B9CA00CC8EE5}.Debug|x64.ActiveCfg = Debug|Any CPU
		{65D08FC5-C82F-4734-9419-B9CA00CC8EE5}.Debug|x64.Build.0 = Debug|Any CPU
		{65D08FC5-C82F-4734-9419-B9CA00CC8EE5}.Debug|x86.ActiveCfg = Debug|Any CPU
		{65D08FC5-C82F-4734-9419-B9CA00CC8EE5}.Debug|x86.Build.0 = Debug|Any CPU
		{65D08FC5-C82F-4734-9419-B9CA00CC8EE5}.Release|Any CPU.ActiveCfg = Release|Any CPU
		{65D08FC5-C82F-4734-9419-B9CA00CC8EE5}.Release|Any CPU.Build.0 = Release|Any CPU
		{65D08FC5-C82F-4734-9419-B9CA00CC8EE5}.Release|x64.ActiveCfg = Release|Any CPU
		{65D08FC5-C82F-4734-9419-B9CA00CC8EE5}.Release|x64.Build.0 = Release|Any CPU
		{65D08FC5-C82F-4734-9419-B9CA00CC8EE5}.Release|x86.ActiveCfg = Release|Any CPU
		{65D08FC5-C82F-4734-9419-B9CA00CC8EE5}.Release|x86.Build.0 = Release|Any CPU
		{D384E54F-D156-4CC9-A57E-FA9410ECFDBF}.Debug|Any CPU.ActiveCfg = Debug|Any CPU
		{D384E54F-D156-4CC9-A57E-FA9410ECFDBF}.Debug|Any CPU.Build.0 = Debug|Any CPU
		{D384E54F-D156-4CC9-A57E-FA9410ECFDBF}.Debug|x64.ActiveCfg = Debug|Any CPU
		{D384E54F-D156-4CC9-A57E-FA9410ECFDBF}.Debug|x64.Build.0 = Debug|Any CPU
		{D384E54F-D156-4CC9-A57E-FA9410ECFDBF}.Debug|x86.ActiveCfg = Debug|Any CPU
		{D384E54F-D156-4CC9-A57E-FA9410ECFDBF}.Debug|x86.Build.0 = Debug|Any CPU
		{D384E54F-D156-4CC9-A57E-FA9410ECFDBF}.Release|Any CPU.ActiveCfg = Release|Any CPU
		{D384E54F-D156-4CC9-A57E-FA9410ECFDBF}.Release|Any CPU.Build.0 = Release|Any CPU
		{D384E54F-D156-4CC9-A57E-FA9410ECFDBF}.Release|x64.ActiveCfg = Release|Any CPU
		{D384E54F-D156-4CC9-A57E-FA9410ECFDBF}.Release|x64.Build.0 = Release|Any CPU
		{D384E54F-D156-4CC9-A57E-FA9410ECFDBF}.Release|x86.ActiveCfg = Release|Any CPU
		{D384E54F-D156-4CC9-A57E-FA9410ECFDBF}.Release|x86.Build.0 = Release|Any CPU
		{B55E0AD1-E988-48E7-80BE-4528C1240648}.Debug|Any CPU.ActiveCfg = Debug|Any CPU
		{B55E0AD1-E988-48E7-80BE-4528C1240648}.Debug|Any CPU.Build.0 = Debug|Any CPU
		{B55E0AD1-E988-48E7-80BE-4528C1240648}.Debug|x64.ActiveCfg = Debug|Any CPU
		{B55E0AD1-E988-48E7-80BE-4528C1240648}.Debug|x64.Build.0 = Debug|Any CPU
		{B55E0AD1-E988-48E7-80BE-4528C1240648}.Debug|x86.ActiveCfg = Debug|Any CPU
		{B55E0AD1-E988-48E7-80BE-4528C1240648}.Debug|x86.Build.0 = Debug|Any CPU
		{B55E0AD1-E988-48E7-80BE-4528C1240648}.Release|Any CPU.ActiveCfg = Release|Any CPU
		{B55E0AD1-E988-48E7-80BE-4528C1240648}.Release|Any CPU.Build.0 = Release|Any CPU
		{B55E0AD1-E988-48E7-80BE-4528C1240648}.Release|x64.ActiveCfg = Release|Any CPU
		{B55E0AD1-E988-48E7-80BE-4528C1240648}.Release|x64.Build.0 = Release|Any CPU
		{B55E0AD1-E988-48E7-80BE-4528C1240648}.Release|x86.ActiveCfg = Release|Any CPU
		{B55E0AD1-E988-48E7-80BE-4528C1240648}.Release|x86.Build.0 = Release|Any CPU
		{0DB048A5-6066-4D57-A0E0-A19B8F8E7A74}.Debug|Any CPU.ActiveCfg = Debug|Any CPU
		{0DB048A5-6066-4D57-A0E0-A19B8F8E7A74}.Debug|Any CPU.Build.0 = Debug|Any CPU
		{0DB048A5-6066-4D57-A0E0-A19B8F8E7A74}.Debug|x64.ActiveCfg = Debug|Any CPU
		{0DB048A5-6066-4D57-A0E0-A19B8F8E7A74}.Debug|x64.Build.0 = Debug|Any CPU
		{0DB048A5-6066-4D57-A0E0-A19B8F8E7A74}.Debug|x86.ActiveCfg = Debug|Any CPU
		{0DB048A5-6066-4D57-A0E0-A19B8F8E7A74}.Debug|x86.Build.0 = Debug|Any CPU
		{0DB048A5-6066-4D57-A0E0-A19B8F8E7A74}.Release|Any CPU.ActiveCfg = Release|Any CPU
		{0DB048A5-6066-4D57-A0E0-A19B8F8E7A74}.Release|Any CPU.Build.0 = Release|Any CPU
		{0DB048A5-6066-4D57-A0E0-A19B8F8E7A74}.Release|x64.ActiveCfg = Release|Any CPU
		{0DB048A5-6066-4D57-A0E0-A19B8F8E7A74}.Release|x64.Build.0 = Release|Any CPU
		{0DB048A5-6066-4D57-A0E0-A19B8F8E7A74}.Release|x86.ActiveCfg = Release|Any CPU
		{0DB048A5-6066-4D57-A0E0-A19B8F8E7A74}.Release|x86.Build.0 = Release|Any CPU
		{B9FF6F21-B038-4F41-A2C1-079494CBC9BC}.Debug|Any CPU.ActiveCfg = Debug|Any CPU
		{B9FF6F21-B038-4F41-A2C1-079494CBC9BC}.Debug|Any CPU.Build.0 = Debug|Any CPU
		{B9FF6F21-B038-4F41-A2C1-079494CBC9BC}.Debug|x64.ActiveCfg = Debug|Any CPU
		{B9FF6F21-B038-4F41-A2C1-079494CBC9BC}.Debug|x64.Build.0 = Debug|Any CPU
		{B9FF6F21-B038-4F41-A2C1-079494CBC9BC}.Debug|x86.ActiveCfg = Debug|Any CPU
		{B9FF6F21-B038-4F41-A2C1-079494CBC9BC}.Debug|x86.Build.0 = Debug|Any CPU
		{B9FF6F21-B038-4F41-A2C1-079494CBC9BC}.Release|Any CPU.ActiveCfg = Release|Any CPU
		{B9FF6F21-B038-4F41-A2C1-079494CBC9BC}.Release|Any CPU.Build.0 = Release|Any CPU
		{B9FF6F21-B038-4F41-A2C1-079494CBC9BC}.Release|x64.ActiveCfg = Release|Any CPU
		{B9FF6F21-B038-4F41-A2C1-079494CBC9BC}.Release|x64.Build.0 = Release|Any CPU
		{B9FF6F21-B038-4F41-A2C1-079494CBC9BC}.Release|x86.ActiveCfg = Release|Any CPU
		{B9FF6F21-B038-4F41-A2C1-079494CBC9BC}.Release|x86.Build.0 = Release|Any CPU
		{2E3C9693-B4AD-4295-BA65-31FBAA0CE7E4}.Debug|Any CPU.ActiveCfg = Debug|Any CPU
		{2E3C9693-B4AD-4295-BA65-31FBAA0CE7E4}.Debug|Any CPU.Build.0 = Debug|Any CPU
		{2E3C9693-B4AD-4295-BA65-31FBAA0CE7E4}.Debug|x64.ActiveCfg = Debug|Any CPU
		{2E3C9693-B4AD-4295-BA65-31FBAA0CE7E4}.Debug|x64.Build.0 = Debug|Any CPU
		{2E3C9693-B4AD-4295-BA65-31FBAA0CE7E4}.Debug|x86.ActiveCfg = Debug|Any CPU
		{2E3C9693-B4AD-4295-BA65-31FBAA0CE7E4}.Debug|x86.Build.0 = Debug|Any CPU
		{2E3C9693-B4AD-4295-BA65-31FBAA0CE7E4}.Release|Any CPU.ActiveCfg = Release|Any CPU
		{2E3C9693-B4AD-4295-BA65-31FBAA0CE7E4}.Release|Any CPU.Build.0 = Release|Any CPU
		{2E3C9693-B4AD-4295-BA65-31FBAA0CE7E4}.Release|x64.ActiveCfg = Release|Any CPU
		{2E3C9693-B4AD-4295-BA65-31FBAA0CE7E4}.Release|x64.Build.0 = Release|Any CPU
		{2E3C9693-B4AD-4295-BA65-31FBAA0CE7E4}.Release|x86.ActiveCfg = Release|Any CPU
		{2E3C9693-B4AD-4295-BA65-31FBAA0CE7E4}.Release|x86.Build.0 = Release|Any CPU
		{E4F9A66C-D663-48AC-836D-E13AA38BD612}.Debug|Any CPU.ActiveCfg = Debug|Any CPU
		{E4F9A66C-D663-48AC-836D-E13AA38BD612}.Debug|Any CPU.Build.0 = Debug|Any CPU
		{E4F9A66C-D663-48AC-836D-E13AA38BD612}.Debug|x64.ActiveCfg = Debug|Any CPU
		{E4F9A66C-D663-48AC-836D-E13AA38BD612}.Debug|x64.Build.0 = Debug|Any CPU
		{E4F9A66C-D663-48AC-836D-E13AA38BD612}.Debug|x86.ActiveCfg = Debug|Any CPU
		{E4F9A66C-D663-48AC-836D-E13AA38BD612}.Debug|x86.Build.0 = Debug|Any CPU
		{E4F9A66C-D663-48AC-836D-E13AA38BD612}.Release|Any CPU.ActiveCfg = Release|Any CPU
		{E4F9A66C-D663-48AC-836D-E13AA38BD612}.Release|Any CPU.Build.0 = Release|Any CPU
		{E4F9A66C-D663-48AC-836D-E13AA38BD612}.Release|x64.ActiveCfg = Release|Any CPU
		{E4F9A66C-D663-48AC-836D-E13AA38BD612}.Release|x64.Build.0 = Release|Any CPU
		{E4F9A66C-D663-48AC-836D-E13AA38BD612}.Release|x86.ActiveCfg = Release|Any CPU
		{E4F9A66C-D663-48AC-836D-E13AA38BD612}.Release|x86.Build.0 = Release|Any CPU
		{8CFF2575-083B-4D18-94CE-6EA3EB040A19}.Debug|Any CPU.ActiveCfg = Debug|Any CPU
		{8CFF2575-083B-4D18-94CE-6EA3EB040A19}.Debug|Any CPU.Build.0 = Debug|Any CPU
		{8CFF2575-083B-4D18-94CE-6EA3EB040A19}.Debug|x64.ActiveCfg = Debug|Any CPU
		{8CFF2575-083B-4D18-94CE-6EA3EB040A19}.Debug|x64.Build.0 = Debug|Any CPU
		{8CFF2575-083B-4D18-94CE-6EA3EB040A19}.Debug|x86.ActiveCfg = Debug|Any CPU
		{8CFF2575-083B-4D18-94CE-6EA3EB040A19}.Debug|x86.Build.0 = Debug|Any CPU
		{8CFF2575-083B-4D18-94CE-6EA3EB040A19}.Release|Any CPU.ActiveCfg = Release|Any CPU
		{8CFF2575-083B-4D18-94CE-6EA3EB040A19}.Release|Any CPU.Build.0 = Release|Any CPU
		{8CFF2575-083B-4D18-94CE-6EA3EB040A19}.Release|x64.ActiveCfg = Release|Any CPU
		{8CFF2575-083B-4D18-94CE-6EA3EB040A19}.Release|x64.Build.0 = Release|Any CPU
		{8CFF2575-083B-4D18-94CE-6EA3EB040A19}.Release|x86.ActiveCfg = Release|Any CPU
		{8CFF2575-083B-4D18-94CE-6EA3EB040A19}.Release|x86.Build.0 = Release|Any CPU
		{3513E353-5D92-4472-9204-53A063043E1D}.Debug|Any CPU.ActiveCfg = Debug|Any CPU
		{3513E353-5D92-4472-9204-53A063043E1D}.Debug|Any CPU.Build.0 = Debug|Any CPU
		{3513E353-5D92-4472-9204-53A063043E1D}.Debug|x64.ActiveCfg = Debug|Any CPU
		{3513E353-5D92-4472-9204-53A063043E1D}.Debug|x64.Build.0 = Debug|Any CPU
		{3513E353-5D92-4472-9204-53A063043E1D}.Debug|x86.ActiveCfg = Debug|Any CPU
		{3513E353-5D92-4472-9204-53A063043E1D}.Debug|x86.Build.0 = Debug|Any CPU
		{3513E353-5D92-4472-9204-53A063043E1D}.Release|Any CPU.ActiveCfg = Release|Any CPU
		{3513E353-5D92-4472-9204-53A063043E1D}.Release|Any CPU.Build.0 = Release|Any CPU
		{3513E353-5D92-4472-9204-53A063043E1D}.Release|x64.ActiveCfg = Release|Any CPU
		{3513E353-5D92-4472-9204-53A063043E1D}.Release|x64.Build.0 = Release|Any CPU
		{3513E353-5D92-4472-9204-53A063043E1D}.Release|x86.ActiveCfg = Release|Any CPU
		{3513E353-5D92-4472-9204-53A063043E1D}.Release|x86.Build.0 = Release|Any CPU
		{7CA49674-A545-48F5-84D5-74F3C7EE0B0D}.Debug|Any CPU.ActiveCfg = Debug|Any CPU
		{7CA49674-A545-48F5-84D5-74F3C7EE0B0D}.Debug|Any CPU.Build.0 = Debug|Any CPU
		{7CA49674-A545-48F5-84D5-74F3C7EE0B0D}.Debug|x64.ActiveCfg = Debug|Any CPU
		{7CA49674-A545-48F5-84D5-74F3C7EE0B0D}.Debug|x64.Build.0 = Debug|Any CPU
		{7CA49674-A545-48F5-84D5-74F3C7EE0B0D}.Debug|x86.ActiveCfg = Debug|Any CPU
		{7CA49674-A545-48F5-84D5-74F3C7EE0B0D}.Debug|x86.Build.0 = Debug|Any CPU
		{7CA49674-A545-48F5-84D5-74F3C7EE0B0D}.Release|Any CPU.ActiveCfg = Release|Any CPU
		{7CA49674-A545-48F5-84D5-74F3C7EE0B0D}.Release|Any CPU.Build.0 = Release|Any CPU
		{7CA49674-A545-48F5-84D5-74F3C7EE0B0D}.Release|x64.ActiveCfg = Release|Any CPU
		{7CA49674-A545-48F5-84D5-74F3C7EE0B0D}.Release|x64.Build.0 = Release|Any CPU
		{7CA49674-A545-48F5-84D5-74F3C7EE0B0D}.Release|x86.ActiveCfg = Release|Any CPU
		{7CA49674-A545-48F5-84D5-74F3C7EE0B0D}.Release|x86.Build.0 = Release|Any CPU
		{8E618689-2832-4C4E-B415-A816EE655785}.Debug|Any CPU.ActiveCfg = Debug|Any CPU
		{8E618689-2832-4C4E-B415-A816EE655785}.Debug|Any CPU.Build.0 = Debug|Any CPU
		{8E618689-2832-4C4E-B415-A816EE655785}.Debug|x64.ActiveCfg = Debug|Any CPU
		{8E618689-2832-4C4E-B415-A816EE655785}.Debug|x64.Build.0 = Debug|Any CPU
		{8E618689-2832-4C4E-B415-A816EE655785}.Debug|x86.ActiveCfg = Debug|Any CPU
		{8E618689-2832-4C4E-B415-A816EE655785}.Debug|x86.Build.0 = Debug|Any CPU
		{8E618689-2832-4C4E-B415-A816EE655785}.Release|Any CPU.ActiveCfg = Release|Any CPU
		{8E618689-2832-4C4E-B415-A816EE655785}.Release|Any CPU.Build.0 = Release|Any CPU
		{8E618689-2832-4C4E-B415-A816EE655785}.Release|x64.ActiveCfg = Release|Any CPU
		{8E618689-2832-4C4E-B415-A816EE655785}.Release|x64.Build.0 = Release|Any CPU
		{8E618689-2832-4C4E-B415-A816EE655785}.Release|x86.ActiveCfg = Release|Any CPU
		{8E618689-2832-4C4E-B415-A816EE655785}.Release|x86.Build.0 = Release|Any CPU
		{61E7EE84-4489-4CB2-9205-52FB4A86A80A}.Debug|Any CPU.ActiveCfg = Debug|Any CPU
		{61E7EE84-4489-4CB2-9205-52FB4A86A80A}.Debug|Any CPU.Build.0 = Debug|Any CPU
		{61E7EE84-4489-4CB2-9205-52FB4A86A80A}.Debug|x64.ActiveCfg = Debug|Any CPU
		{61E7EE84-4489-4CB2-9205-52FB4A86A80A}.Debug|x64.Build.0 = Debug|Any CPU
		{61E7EE84-4489-4CB2-9205-52FB4A86A80A}.Debug|x86.ActiveCfg = Debug|Any CPU
		{61E7EE84-4489-4CB2-9205-52FB4A86A80A}.Debug|x86.Build.0 = Debug|Any CPU
		{61E7EE84-4489-4CB2-9205-52FB4A86A80A}.Release|Any CPU.ActiveCfg = Release|Any CPU
		{61E7EE84-4489-4CB2-9205-52FB4A86A80A}.Release|Any CPU.Build.0 = Release|Any CPU
		{61E7EE84-4489-4CB2-9205-52FB4A86A80A}.Release|x64.ActiveCfg = Release|Any CPU
		{61E7EE84-4489-4CB2-9205-52FB4A86A80A}.Release|x64.Build.0 = Release|Any CPU
		{61E7EE84-4489-4CB2-9205-52FB4A86A80A}.Release|x86.ActiveCfg = Release|Any CPU
		{61E7EE84-4489-4CB2-9205-52FB4A86A80A}.Release|x86.Build.0 = Release|Any CPU
	EndGlobalSection
	GlobalSection(SolutionProperties) = preSolution
		HideSolutionNode = FALSE
	EndGlobalSection
	GlobalSection(NestedProjects) = preSolution
		{0DB048A5-6066-4D57-A0E0-A19B8F8E7A74} = {87D99827-D83D-4C4F-A4E8-31A15A5FE835}
		{B9FF6F21-B038-4F41-A2C1-079494CBC9BC} = {E4797B4C-EE73-40E0-8A49-F49CE142ABDC}
		{2E3C9693-B4AD-4295-BA65-31FBAA0CE7E4} = {E4797B4C-EE73-40E0-8A49-F49CE142ABDC}
		{E4F9A66C-D663-48AC-836D-E13AA38BD612} = {5428C9DC-2B51-4DEA-8ADE-3EDAC70FEAAF}
		{8CFF2575-083B-4D18-94CE-6EA3EB040A19} = {D5A14DED-97BE-4338-A25A-47A4CD0A9D02}
	EndGlobalSection
EndGlobal
